
Microsoft Visual Studio Solution File, Format Version 12.00
# Visual Studio Version 17
VisualStudioVersion = 17.0.31919.166
MinimumVisualStudioVersion = 10.0.40219.1
Project("{FAE04EC0-301F-11D3-BF4B-00C04F79EFBC}") = "BlockSteamPrivate", "BlockSteamPrivate\BlockSteamPrivate.csproj", "{6C5C792A-6ACA-436D-BF18-84D23A0C5BEC}"
EndProject
Global
	GlobalSection(SolutionConfigurationPlatforms) = preSolution
		Debug|Any CPU = Debug|Any CPU
		Release|Any CPU = Release|Any CPU
	EndGlobalSection
	GlobalSection(ProjectConfigurationPlatforms) = postSolution
		{6C5C792A-6ACA-436D-BF18-84D23A0C5BEC}.Debug|Any CPU.ActiveCfg = Debug|Any CPU
		{6C5C792A-6ACA-436D-BF18-84D23A0C5BEC}.Debug|Any CPU.Build.0 = Debug|Any CPU
		{6C5C792A-6ACA-436D-BF18-84D23A0C5BEC}.Release|Any CPU.ActiveCfg = Release|Any CPU
		{6C5C792A-6ACA-436D-BF18-84D23A0C5BEC}.Release|Any CPU.Build.0 = Release|Any CPU
	EndGlobalSection
	GlobalSection(SolutionProperties) = preSolution
		HideSolutionNode = FALSE
	EndGlobalSection
	GlobalSection(ExtensibilityGlobals) = postSolution
		SolutionGuid = {01E1E0B1-3E42-4714-82BF-1E8FBD688B8F}
	EndGlobalSection
EndGlobal
